// !$*UTF8*$!
{
	archiveVersion = 1;
	classes = {
	};
	objectVersion = 55;
	objects = {

/* Begin PBXBuildFile section */
		B03E4C072ADB0A3500742A32 /* RestaurantCollectionViewCell.swift in Sources */ = {isa = PBXBuildFile; fileRef = B03E4C052ADB0A3500742A32 /* RestaurantCollectionViewCell.swift */; };
		B03E4C082ADB0A3500742A32 /* RestaurantCollectionViewCell.xib in Resources */ = {isa = PBXBuildFile; fileRef = B03E4C062ADB0A3500742A32 /* RestaurantCollectionViewCell.xib */; };
		B03E4C0B2ADB17F100742A32 /* RestaurantBE.swift in Sources */ = {isa = PBXBuildFile; fileRef = B03E4C0A2ADB17F100742A32 /* RestaurantBE.swift */; };
		B03E4C0F2ADB217800742A32 /* CategoryCollectionViewCell.swift in Sources */ = {isa = PBXBuildFile; fileRef = B03E4C0E2ADB217800742A32 /* CategoryCollectionViewCell.swift */; };
		B03E4C112ADB25E100742A32 /* RestaurantCatCollectionViewCell.swift in Sources */ = {isa = PBXBuildFile; fileRef = B03E4C102ADB25E100742A32 /* RestaurantCatCollectionViewCell.swift */; };
		B03E4C132ADB41B900742A32 /* CreateReviewViewController.swift in Sources */ = {isa = PBXBuildFile; fileRef = B03E4C122ADB41B900742A32 /* CreateReviewViewController.swift */; };
		B03E4C152ADB49B200742A32 /* LoginViewController.swift in Sources */ = {isa = PBXBuildFile; fileRef = B03E4C142ADB49B200742A32 /* LoginViewController.swift */; };
		B03E4C172ADB730D00742A32 /* RegisterViewController.swift in Sources */ = {isa = PBXBuildFile; fileRef = B03E4C162ADB730D00742A32 /* RegisterViewController.swift */; };
		B0AD94D92AB9D8AC005981CE /* AppDelegate.swift in Sources */ = {isa = PBXBuildFile; fileRef = B0AD94D82AB9D8AC005981CE /* AppDelegate.swift */; };
		B0AD94DB2AB9D8AC005981CE /* SceneDelegate.swift in Sources */ = {isa = PBXBuildFile; fileRef = B0AD94DA2AB9D8AC005981CE /* SceneDelegate.swift */; };
		B0AD94DD2AB9D8AC005981CE /* ViewController.swift in Sources */ = {isa = PBXBuildFile; fileRef = B0AD94DC2AB9D8AC005981CE /* ViewController.swift */; };
		B0AD94E02AB9D8AC005981CE /* Main.storyboard in Resources */ = {isa = PBXBuildFile; fileRef = B0AD94DE2AB9D8AC005981CE /* Main.storyboard */; };
		B0AD94E32AB9D8AC005981CE /* stv_app.xcdatamodeld in Sources */ = {isa = PBXBuildFile; fileRef = B0AD94E12AB9D8AC005981CE /* stv_app.xcdatamodeld */; };
		B0AD94E52AB9D8AE005981CE /* Assets.xcassets in Resources */ = {isa = PBXBuildFile; fileRef = B0AD94E42AB9D8AE005981CE /* Assets.xcassets */; };
		B0AD94E82AB9D8AE005981CE /* LaunchScreen.storyboard in Resources */ = {isa = PBXBuildFile; fileRef = B0AD94E62AB9D8AE005981CE /* LaunchScreen.storyboard */; };
		B0C7C7F02ADA2123006A1433 /* RestaurantViewCell.swift in Sources */ = {isa = PBXBuildFile; fileRef = B0C7C7EF2ADA2123006A1433 /* RestaurantViewCell.swift */; };
/* End PBXBuildFile section */

/* Begin PBXFileReference section */
		B03E4C052ADB0A3500742A32 /* RestaurantCollectionViewCell.swift */ = {isa = PBXFileReference; lastKnownFileType = sourcecode.swift; path = RestaurantCollectionViewCell.swift; sourceTree = "<group>"; };
		B03E4C062ADB0A3500742A32 /* RestaurantCollectionViewCell.xib */ = {isa = PBXFileReference; lastKnownFileType = file.xib; path = RestaurantCollectionViewCell.xib; sourceTree = "<group>"; };
		B03E4C0A2ADB17F100742A32 /* RestaurantBE.swift */ = {isa = PBXFileReference; lastKnownFileType = sourcecode.swift; path = RestaurantBE.swift; sourceTree = "<group>"; };
		B03E4C0E2ADB217800742A32 /* CategoryCollectionViewCell.swift */ = {isa = PBXFileReference; lastKnownFileType = sourcecode.swift; path = CategoryCollectionViewCell.swift; sourceTree = "<group>"; };
		B03E4C102ADB25E100742A32 /* RestaurantCatCollectionViewCell.swift */ = {isa = PBXFileReference; lastKnownFileType = sourcecode.swift; path = RestaurantCatCollectionViewCell.swift; sourceTree = "<group>"; };
		B03E4C122ADB41B900742A32 /* CreateReviewViewController.swift */ = {isa = PBXFileReference; lastKnownFileType = sourcecode.swift; path = CreateReviewViewController.swift; sourceTree = "<group>"; };
		B03E4C142ADB49B200742A32 /* LoginViewController.swift */ = {isa = PBXFileReference; lastKnownFileType = sourcecode.swift; path = LoginViewController.swift; sourceTree = "<group>"; };
		B03E4C162ADB730D00742A32 /* RegisterViewController.swift */ = {isa = PBXFileReference; lastKnownFileType = sourcecode.swift; path = RegisterViewController.swift; sourceTree = "<group>"; };
		B0AD94D52AB9D8AC005981CE /* stv_app.app */ = {isa = PBXFileReference; explicitFileType = wrapper.application; includeInIndex = 0; path = stv_app.app; sourceTree = BUILT_PRODUCTS_DIR; };
		B0AD94D82AB9D8AC005981CE /* AppDelegate.swift */ = {isa = PBXFileReference; lastKnownFileType = sourcecode.swift; path = AppDelegate.swift; sourceTree = "<group>"; };
		B0AD94DA2AB9D8AC005981CE /* SceneDelegate.swift */ = {isa = PBXFileReference; lastKnownFileType = sourcecode.swift; path = SceneDelegate.swift; sourceTree = "<group>"; };
		B0AD94DC2AB9D8AC005981CE /* ViewController.swift */ = {isa = PBXFileReference; lastKnownFileType = sourcecode.swift; path = ViewController.swift; sourceTree = "<group>"; };
		B0AD94DF2AB9D8AC005981CE /* Base */ = {isa = PBXFileReference; lastKnownFileType = file.storyboard; name = Base; path = Base.lproj/Main.storyboard; sourceTree = "<group>"; };
		B0AD94E22AB9D8AC005981CE /* stv_app.xcdatamodel */ = {isa = PBXFileReference; lastKnownFileType = wrapper.xcdatamodel; path = stv_app.xcdatamodel; sourceTree = "<group>"; };
		B0AD94E42AB9D8AE005981CE /* Assets.xcassets */ = {isa = PBXFileReference; lastKnownFileType = folder.assetcatalog; path = Assets.xcassets; sourceTree = "<group>"; };
		B0AD94E72AB9D8AE005981CE /* Base */ = {isa = PBXFileReference; lastKnownFileType = file.storyboard; name = Base; path = Base.lproj/LaunchScreen.storyboard; sourceTree = "<group>"; };
		B0AD94E92AB9D8AE005981CE /* Info.plist */ = {isa = PBXFileReference; lastKnownFileType = text.plist.xml; path = Info.plist; sourceTree = "<group>"; };
		B0C7C7EF2ADA2123006A1433 /* RestaurantViewCell.swift */ = {isa = PBXFileReference; lastKnownFileType = sourcecode.swift; path = RestaurantViewCell.swift; sourceTree = "<group>"; };
/* End PBXFileReference section */

/* Begin PBXFrameworksBuildPhase section */
		B0AD94D22AB9D8AC005981CE /* Frameworks */ = {
			isa = PBXFrameworksBuildPhase;
			buildActionMask = 2147483647;
			files = (
			);
			runOnlyForDeploymentPostprocessing = 0;
		};
/* End PBXFrameworksBuildPhase section */

/* Begin PBXGroup section */
		B03E4C092ADB179D00742A32 /* BE */ = {
			isa = PBXGroup;
			children = (
				B03E4C0A2ADB17F100742A32 /* RestaurantBE.swift */,
			);
			path = BE;
			sourceTree = "<group>";
		};
		B0AD94CC2AB9D8AC005981CE = {
			isa = PBXGroup;
			children = (
				B0AD94D72AB9D8AC005981CE /* stv_app */,
				B0AD94D62AB9D8AC005981CE /* Products */,
			);
			sourceTree = "<group>";
		};
		B0AD94D62AB9D8AC005981CE /* Products */ = {
			isa = PBXGroup;
			children = (
				B0AD94D52AB9D8AC005981CE /* stv_app.app */,
			);
			name = Products;
			sourceTree = "<group>";
		};
		B0AD94D72AB9D8AC005981CE /* stv_app */ = {
			isa = PBXGroup;
			children = (
				B03E4C092ADB179D00742A32 /* BE */,
				B0AD94D82AB9D8AC005981CE /* AppDelegate.swift */,
				B0AD94DA2AB9D8AC005981CE /* SceneDelegate.swift */,
				B0AD94DC2AB9D8AC005981CE /* ViewController.swift */,
				B0AD94DE2AB9D8AC005981CE /* Main.storyboard */,
				B03E4C052ADB0A3500742A32 /* RestaurantCollectionViewCell.swift */,
				B03E4C062ADB0A3500742A32 /* RestaurantCollectionViewCell.xib */,
				B0AD94E42AB9D8AE005981CE /* Assets.xcassets */,
				B0AD94E62AB9D8AE005981CE /* LaunchScreen.storyboard */,
				B0AD94E92AB9D8AE005981CE /* Info.plist */,
				B0AD94E12AB9D8AC005981CE /* stv_app.xcdatamodeld */,
				B0C7C7EF2ADA2123006A1433 /* RestaurantViewCell.swift */,
				B03E4C0E2ADB217800742A32 /* CategoryCollectionViewCell.swift */,
				B03E4C102ADB25E100742A32 /* RestaurantCatCollectionViewCell.swift */,
				B03E4C122ADB41B900742A32 /* CreateReviewViewController.swift */,
				B03E4C142ADB49B200742A32 /* LoginViewController.swift */,
				B03E4C162ADB730D00742A32 /* RegisterViewController.swift */,
			);
			path = stv_app;
			sourceTree = "<group>";
		};
/* End PBXGroup section */

/* Begin PBXNativeTarget section */
		B0AD94D42AB9D8AC005981CE /* stv_app */ = {
			isa = PBXNativeTarget;
			buildConfigurationList = B0AD94EC2AB9D8AE005981CE /* Build configuration list for PBXNativeTarget "stv_app" */;
			buildPhases = (
				B0AD94D12AB9D8AC005981CE /* Sources */,
				B0AD94D22AB9D8AC005981CE /* Frameworks */,
				B0AD94D32AB9D8AC005981CE /* Resources */,
			);
			buildRules = (
			);
			dependencies = (
			);
			name = stv_app;
			productName = stv_app;
			productReference = B0AD94D52AB9D8AC005981CE /* stv_app.app */;
			productType = "com.apple.product-type.application";
		};
/* End PBXNativeTarget section */

/* Begin PBXProject section */
		B0AD94CD2AB9D8AC005981CE /* Project object */ = {
			isa = PBXProject;
			attributes = {
				BuildIndependentTargetsInParallel = 1;
				LastSwiftUpdateCheck = 1300;
				LastUpgradeCheck = 1300;
				TargetAttributes = {
					B0AD94D42AB9D8AC005981CE = {
						CreatedOnToolsVersion = 13.0;
					};
				};
			};
			buildConfigurationList = B0AD94D02AB9D8AC005981CE /* Build configuration list for PBXProject "stv_app" */;
			compatibilityVersion = "Xcode 13.0";
			developmentRegion = en;
			hasScannedForEncodings = 0;
			knownRegions = (
				en,
				Base,
			);
			mainGroup = B0AD94CC2AB9D8AC005981CE;
			productRefGroup = B0AD94D62AB9D8AC005981CE /* Products */;
			projectDirPath = "";
			projectRoot = "";
			targets = (
				B0AD94D42AB9D8AC005981CE /* stv_app */,
			);
		};
/* End PBXProject section */

/* Begin PBXResourcesBuildPhase section */
		B0AD94D32AB9D8AC005981CE /* Resources */ = {
			isa = PBXResourcesBuildPhase;
			buildActionMask = 2147483647;
			files = (
				B0AD94E82AB9D8AE005981CE /* LaunchScreen.storyboard in Resources */,
				B0AD94E52AB9D8AE005981CE /* Assets.xcassets in Resources */,
				B03E4C082ADB0A3500742A32 /* RestaurantCollectionViewCell.xib in Resources */,
				B0AD94E02AB9D8AC005981CE /* Main.storyboard in Resources */,
			);
			runOnlyForDeploymentPostprocessing = 0;
		};
/* End PBXResourcesBuildPhase section */

/* Begin PBXSourcesBuildPhase section */
		B0AD94D12AB9D8AC005981CE /* Sources */ = {
			isa = PBXSourcesBuildPhase;
			buildActionMask = 2147483647;
			files = (
				B03E4C0F2ADB217800742A32 /* CategoryCollectionViewCell.swift in Sources */,
				B0C7C7F02ADA2123006A1433 /* RestaurantViewCell.swift in Sources */,
				B0AD94DD2AB9D8AC005981CE /* ViewController.swift in Sources */,
				B03E4C172ADB730D00742A32 /* RegisterViewController.swift in Sources */,
				B0AD94E32AB9D8AC005981CE /* stv_app.xcdatamodeld in Sources */,
				B03E4C072ADB0A3500742A32 /* RestaurantCollectionViewCell.swift in Sources */,
				B03E4C112ADB25E100742A32 /* RestaurantCatCollectionViewCell.swift in Sources */,
				B0AD94D92AB9D8AC005981CE /* AppDelegate.swift in Sources */,
				B0AD94DB2AB9D8AC005981CE /* SceneDelegate.swift in Sources */,
				B03E4C132ADB41B900742A32 /* CreateReviewViewController.swift in Sources */,
				B03E4C0B2ADB17F100742A32 /* RestaurantBE.swift in Sources */,
				B03E4C152ADB49B200742A32 /* LoginViewController.swift in Sources */,
			);
			runOnlyForDeploymentPostprocessing = 0;
		};
/* End PBXSourcesBuildPhase section */

/* Begin PBXVariantGroup section */
		B0AD94DE2AB9D8AC005981CE /* Main.storyboard */ = {
			isa = PBXVariantGroup;
			children = (
				B0AD94DF2AB9D8AC005981CE /* Base */,
			);
			name = Main.storyboard;
			sourceTree = "<group>";
		};
		B0AD94E62AB9D8AE005981CE /* LaunchScreen.storyboard */ = {
			isa = PBXVariantGroup;
			children = (
				B0AD94E72AB9D8AE005981CE /* Base */,
			);
			name = LaunchScreen.storyboard;
			sourceTree = "<group>";
		};
/* End PBXVariantGroup section */

/* Begin XCBuildConfiguration section */
		B0AD94EA2AB9D8AE005981CE /* Debug */ = {
			isa = XCBuildConfiguration;
			buildSettings = {
				ALWAYS_SEARCH_USER_PATHS = NO;
				CLANG_ANALYZER_NONNULL = YES;
				CLANG_ANALYZER_NUMBER_OBJECT_CONVERSION = YES_AGGRESSIVE;
				CLANG_CXX_LANGUAGE_STANDARD = "gnu++17";
				CLANG_CXX_LIBRARY = "libc++";
				CLANG_ENABLE_MODULES = YES;
				CLANG_ENABLE_OBJC_ARC = YES;
				CLANG_ENABLE_OBJC_WEAK = YES;
				CLANG_WARN_BLOCK_CAPTURE_AUTORELEASING = YES;
				CLANG_WARN_BOOL_CONVERSION = YES;
				CLANG_WARN_COMMA = YES;
				CLANG_WARN_CONSTANT_CONVERSION = YES;
				CLANG_WARN_DEPRECATED_OBJC_IMPLEMENTATIONS = YES;
				CLANG_WARN_DIRECT_OBJC_ISA_USAGE = YES_ERROR;
				CLANG_WARN_DOCUMENTATION_COMMENTS = YES;
				CLANG_WARN_EMPTY_BODY = YES;
				CLANG_WARN_ENUM_CONVERSION = YES;
				CLANG_WARN_INFINITE_RECURSION = YES;
				CLANG_WARN_INT_CONVERSION = YES;
				CLANG_WARN_NON_LITERAL_NULL_CONVERSION = YES;
				CLANG_WARN_OBJC_IMPLICIT_RETAIN_SELF = YES;
				CLANG_WARN_OBJC_LITERAL_CONVERSION = YES;
				CLANG_WARN_OBJC_ROOT_CLASS = YES_ERROR;
				CLANG_WARN_QUOTED_INCLUDE_IN_FRAMEWORK_HEADER = YES;
				CLANG_WARN_RANGE_LOOP_ANALYSIS = YES;
				CLANG_WARN_STRICT_PROTOTYPES = YES;
				CLANG_WARN_SUSPICIOUS_MOVE = YES;
				CLANG_WARN_UNGUARDED_AVAILABILITY = YES_AGGRESSIVE;
				CLANG_WARN_UNREACHABLE_CODE = YES;
				CLANG_WARN__DUPLICATE_METHOD_MATCH = YES;
				COPY_PHASE_STRIP = NO;
				DEBUG_INFORMATION_FORMAT = dwarf;
				ENABLE_STRICT_OBJC_MSGSEND = YES;
				ENABLE_TESTABILITY = YES;
				GCC_C_LANGUAGE_STANDARD = gnu11;
				GCC_DYNAMIC_NO_PIC = NO;
				GCC_NO_COMMON_BLOCKS = YES;
				GCC_OPTIMIZATION_LEVEL = 0;
				GCC_PREPROCESSOR_DEFINITIONS = (
					"DEBUG=1",
					"$(inherited)",
				);
				GCC_WARN_64_TO_32_BIT_CONVERSION = YES;
				GCC_WARN_ABOUT_RETURN_TYPE = YES_ERROR;
				GCC_WARN_UNDECLARED_SELECTOR = YES;
				GCC_WARN_UNINITIALIZED_AUTOS = YES_AGGRESSIVE;
				GCC_WARN_UNUSED_FUNCTION = YES;
				GCC_WARN_UNUSED_VARIABLE = YES;
				IPHONEOS_DEPLOYMENT_TARGET = 15.0;
				MTL_ENABLE_DEBUG_INFO = INCLUDE_SOURCE;
				MTL_FAST_MATH = YES;
				ONLY_ACTIVE_ARCH = YES;
				SDKROOT = iphoneos;
				SWIFT_ACTIVE_COMPILATION_CONDITIONS = DEBUG;
				SWIFT_OPTIMIZATION_LEVEL = "-Onone";
			};
			name = Debug;
		};
		B0AD94EB2AB9D8AE005981CE /* Release */ = {
			isa = XCBuildConfiguration;
			buildSettings = {
				ALWAYS_SEARCH_USER_PATHS = NO;
				CLANG_ANALYZER_NONNULL = YES;
				CLANG_ANALYZER_NUMBER_OBJECT_CONVERSION = YES_AGGRESSIVE;
				CLANG_CXX_LANGUAGE_STANDARD = "gnu++17";
				CLANG_CXX_LIBRARY = "libc++";
				CLANG_ENABLE_MODULES = YES;
				CLANG_ENABLE_OBJC_ARC = YES;
				CLANG_ENABLE_OBJC_WEAK = YES;
				CLANG_WARN_BLOCK_CAPTURE_AUTORELEASING = YES;
				CLANG_WARN_BOOL_CONVERSION = YES;
				CLANG_WARN_COMMA = YES;
				CLANG_WARN_CONSTANT_CONVERSION = YES;
				CLANG_WARN_DEPRECATED_OBJC_IMPLEMENTATIONS = YES;
				CLANG_WARN_DIRECT_OBJC_ISA_USAGE = YES_ERROR;
				CLANG_WARN_DOCUMENTATION_COMMENTS = YES;
				CLANG_WARN_EMPTY_BODY = YES;
				CLANG_WARN_ENUM_CONVERSION = YES;
				CLANG_WARN_INFINITE_RECURSION = YES;
				CLANG_WARN_INT_CONVERSION = YES;
				CLANG_WARN_NON_LITERAL_NULL_CONVERSION = YES;
				CLANG_WARN_OBJC_IMPLICIT_RETAIN_SELF = YES;
				CLANG_WARN_OBJC_LITERAL_CONVERSION = YES;
				CLANG_WARN_OBJC_ROOT_CLASS = YES_ERROR;
				CLANG_WARN_QUOTED_INCLUDE_IN_FRAMEWORK_HEADER = YES;
				CLANG_WARN_RANGE_LOOP_ANALYSIS = YES;
				CLANG_WARN_STRICT_PROTOTYPES = YES;
				CLANG_WARN_SUSPICIOUS_MOVE = YES;
				CLANG_WARN_UNGUARDED_AVAILABILITY = YES_AGGRESSIVE;
				CLANG_WARN_UNREACHABLE_CODE = YES;
				CLANG_WARN__DUPLICATE_METHOD_MATCH = YES;
				COPY_PHASE_STRIP = NO;
				DEBUG_INFORMATION_FORMAT = "dwarf-with-dsym";
				ENABLE_NS_ASSERTIONS = NO;
				ENABLE_STRICT_OBJC_MSGSEND = YES;
				GCC_C_LANGUAGE_STANDARD = gnu11;
				GCC_NO_COMMON_BLOCKS = YES;
				GCC_WARN_64_TO_32_BIT_CONVERSION = YES;
				GCC_WARN_ABOUT_RETURN_TYPE = YES_ERROR;
				GCC_WARN_UNDECLARED_SELECTOR = YES;
				GCC_WARN_UNINITIALIZED_AUTOS = YES_AGGRESSIVE;
				GCC_WARN_UNUSED_FUNCTION = YES;
				GCC_WARN_UNUSED_VARIABLE = YES;
				IPHONEOS_DEPLOYMENT_TARGET = 15.0;
				MTL_ENABLE_DEBUG_INFO = NO;
				MTL_FAST_MATH = YES;
				SDKROOT = iphoneos;
				SWIFT_COMPILATION_MODE = wholemodule;
				SWIFT_OPTIMIZATION_LEVEL = "-O";
				VALIDATE_PRODUCT = YES;
			};
			name = Release;
		};
		B0AD94ED2AB9D8AE005981CE /* Debug */ = {
			isa = XCBuildConfiguration;
			buildSettings = {
				ASSETCATALOG_COMPILER_APPICON_NAME = AppIcon;
				ASSETCATALOG_COMPILER_GLOBAL_ACCENT_COLOR_NAME = AccentColor;
				CODE_SIGN_STYLE = Automatic;
				CURRENT_PROJECT_VERSION = 1;
				GENERATE_INFOPLIST_FILE = YES;
				INFOPLIST_FILE = stv_app/Info.plist;
				INFOPLIST_KEY_UIApplicationSupportsIndirectInputEvents = YES;
				INFOPLIST_KEY_UILaunchStoryboardName = LaunchScreen;
				INFOPLIST_KEY_UIMainStoryboardFile = Main;
				INFOPLIST_KEY_UISupportedInterfaceOrientations_iPad = "UIInterfaceOrientationPortrait UIInterfaceOrientationPortraitUpsideDown UIInterfaceOrientationLandscapeLeft UIInterfaceOrientationLandscapeRight";
				INFOPLIST_KEY_UISupportedInterfaceOrientations_iPhone = "UIInterfaceOrientationPortrait UIInterfaceOrientationLandscapeLeft UIInterfaceOrientationLandscapeRight";
				LD_RUNPATH_SEARCH_PATHS = (
					"$(inherited)",
					"@executable_path/Frameworks",
				);
				MARKETING_VERSION = 1.0;
				PRODUCT_BUNDLE_IDENTIFIER = "com.stv.stv-app";
				PRODUCT_NAME = "$(TARGET_NAME)";
				SWIFT_EMIT_LOC_STRINGS = YES;
				SWIFT_VERSION = 5.0;
				TARGETED_DEVICE_FAMILY = "1,2";
			};
			name = Debug;
		};
		B0AD94EE2AB9D8AE005981CE /* Release */ = {
			isa = XCBuildConfiguration;
			buildSettings = {
				ASSETCATALOG_COMPILER_APPICON_NAME = AppIcon;
				ASSETCATALOG_COMPILER_GLOBAL_ACCENT_COLOR_NAME = AccentColor;
				CODE_SIGN_STYLE = Automatic;
				CURRENT_PROJECT_VERSION = 1;
				GENERATE_INFOPLIST_FILE = YES;
				INFOPLIST_FILE = stv_app/Info.plist;
				INFOPLIST_KEY_UIApplicationSupportsIndirectInputEvents = YES;
				INFOPLIST_KEY_UILaunchStoryboardName = LaunchScreen;
				INFOPLIST_KEY_UIMainStoryboardFile = Main;
				INFOPLIST_KEY_UISupportedInterfaceOrientations_iPad = "UIInterfaceOrientationPortrait UIInterfaceOrientationPortraitUpsideDown UIInterfaceOrientationLandscapeLeft UIInterfaceOrientationLandscapeRight";
				INFOPLIST_KEY_UISupportedInterfaceOrientations_iPhone = "UIInterfaceOrientationPortrait UIInterfaceOrientationLandscapeLeft UIInterfaceOrientationLandscapeRight";
				LD_RUNPATH_SEARCH_PATHS = (
					"$(inherited)",
					"@executable_path/Frameworks",
				);
				MARKETING_VERSION = 1.0;
				PRODUCT_BUNDLE_IDENTIFIER = "com.stv.stv-app";
				PRODUCT_NAME = "$(TARGET_NAME)";
				SWIFT_EMIT_LOC_STRINGS = YES;
				SWIFT_VERSION = 5.0;
				TARGETED_DEVICE_FAMILY = "1,2";
			};
			name = Release;
		};
/* End XCBuildConfiguration section */

/* Begin XCConfigurationList section */
		B0AD94D02AB9D8AC005981CE /* Build configuration list for PBXProject "stv_app" */ = {
			isa = XCConfigurationList;
			buildConfigurations = (
				B0AD94EA2AB9D8AE005981CE /* Debug */,
				B0AD94EB2AB9D8AE005981CE /* Release */,
			);
			defaultConfigurationIsVisible = 0;
			defaultConfigurationName = Release;
		};
		B0AD94EC2AB9D8AE005981CE /* Build configuration list for PBXNativeTarget "stv_app" */ = {
			isa = XCConfigurationList;
			buildConfigurations = (
				B0AD94ED2AB9D8AE005981CE /* Debug */,
				B0AD94EE2AB9D8AE005981CE /* Release */,
			);
			defaultConfigurationIsVisible = 0;
			defaultConfigurationName = Release;
		};
/* End XCConfigurationList section */

/* Begin XCVersionGroup section */
		B0AD94E12AB9D8AC005981CE /* stv_app.xcdatamodeld */ = {
			isa = XCVersionGroup;
			children = (
				B0AD94E22AB9D8AC005981CE /* stv_app.xcdatamodel */,
			);
			currentVersion = B0AD94E22AB9D8AC005981CE /* stv_app.xcdatamodel */;
			path = stv_app.xcdatamodeld;
			sourceTree = "<group>";
			versionGroupType = wrapper.xcdatamodel;
		};
/* End XCVersionGroup section */
	};
	rootObject = B0AD94CD2AB9D8AC005981CE /* Project object */;
}
